
Microsoft Visual Studio Solution File, Format Version 12.00
# Visual Studio Version 16
VisualStudioVersion = 16.0.31424.327
MinimumVisualStudioVersion = 10.0.40219.1
Project("{FAE04EC0-301F-11D3-BF4B-00C04F79EFBC}") = "ExampleAPI", "ExampleAPI\ExampleAPI.csproj", "{AFE34CE6-CE2E-43F8-BE19-7EAE5E405AB1}"
EndProject
Global
	GlobalSection(SolutionConfigurationPlatforms) = preSolution
		Debug|Any CPU = Debug|Any CPU
		Release|Any CPU = Release|Any CPU
	EndGlobalSection
	GlobalSection(ProjectConfigurationPlatforms) = postSolution
		{AFE34CE6-CE2E-43F8-BE19-7EAE5E405AB1}.Debug|Any CPU.ActiveCfg = Debug|Any CPU
		{AFE34CE6-CE2E-43F8-BE19-7EAE5E405AB1}.Debug|Any CPU.Build.0 = Debug|Any CPU
		{AFE34CE6-CE2E-43F8-BE19-7EAE5E405AB1}.Release|Any CPU.ActiveCfg = Release|Any CPU
		{AFE34CE6-CE2E-43F8-BE19-7EAE5E405AB1}.Release|Any CPU.Build.0 = Release|Any CPU
	EndGlobalSection
	GlobalSection(SolutionProperties) = preSolution
		HideSolutionNode = FALSE
	EndGlobalSection
	GlobalSection(ExtensibilityGlobals) = postSolution
		SolutionGuid = {E8F4C9FE-2C9A-44E3-9B8E-FA2A2D30EDB4}
	EndGlobalSection
EndGlobal
